
Microsoft Visual Studio Solution File, Format Version 12.00
# Visual Studio 15
VisualStudioVersion = 15.0.27428.2043
MinimumVisualStudioVersion = 10.0.40219.1
Project("{FAE04EC0-301F-11D3-BF4B-00C04F79EFBC}") = "Libary", "Libary.csproj", "{06C21AF9-DB1F-4580-BB77-8B0360D2DD20}"
EndProject
Global
	GlobalSection(SolutionConfigurationPlatforms) = preSolution
		Debug|Any CPU = Debug|Any CPU
		Release|Any CPU = Release|Any CPU
	EndGlobalSection
	GlobalSection(ProjectConfigurationPlatforms) = postSolution
		{06C21AF9-DB1F-4580-BB77-8B0360D2DD20}.Debug|Any CPU.ActiveCfg = Debug|Any CPU
		{06C21AF9-DB1F-4580-BB77-8B0360D2DD20}.Debug|Any CPU.Build.0 = Debug|Any CPU
		{06C21AF9-DB1F-4580-BB77-8B0360D2DD20}.Release|Any CPU.ActiveCfg = Release|Any CPU
		{06C21AF9-DB1F-4580-BB77-8B0360D2DD20}.Release|Any CPU.Build.0 = Release|Any CPU
	EndGlobalSection
	GlobalSection(SolutionProperties) = preSolution
		HideSolutionNode = FALSE
	EndGlobalSection
	GlobalSection(ExtensibilityGlobals) = postSolution
		SolutionGuid = {81BBB7A6-9607-40C2-AB92-E8C1533CAA95}
	EndGlobalSection
EndGlobal
