
Microsoft Visual Studio Solution File, Format Version 12.00
# Visual Studio 15
VisualStudioVersion = 15.0.27428.2043
MinimumVisualStudioVersion = 10.0.40219.1
Project("{FAE04EC0-301F-11D3-BF4B-00C04F79EFBC}") = "Math", "Math\Math.csproj", "{00AFFE35-B82D-49F6-9C0F-87FA21694A33}"
EndProject
Global
	GlobalSection(SolutionConfigurationPlatforms) = preSolution
		Debug|Any CPU = Debug|Any CPU
		Release|Any CPU = Release|Any CPU
	EndGlobalSection
	GlobalSection(ProjectConfigurationPlatforms) = postSolution
		{00AFFE35-B82D-49F6-9C0F-87FA21694A33}.Debug|Any CPU.ActiveCfg = Debug|Any CPU
		{00AFFE35-B82D-49F6-9C0F-87FA21694A33}.Debug|Any CPU.Build.0 = Debug|Any CPU
		{00AFFE35-B82D-49F6-9C0F-87FA21694A33}.Release|Any CPU.ActiveCfg = Release|Any CPU
		{00AFFE35-B82D-49F6-9C0F-87FA21694A33}.Release|Any CPU.Build.0 = Release|Any CPU
	EndGlobalSection
	GlobalSection(SolutionProperties) = preSolution
		HideSolutionNode = FALSE
	EndGlobalSection
	GlobalSection(ExtensibilityGlobals) = postSolution
		SolutionGuid = {00F8DB85-74E0-4E68-B097-F0C3BC33462C}
	EndGlobalSection
EndGlobal
