
Microsoft Visual Studio Solution File, Format Version 12.00
# Visual Studio 15
VisualStudioVersion = 15.0.27428.2043
MinimumVisualStudioVersion = 10.0.40219.1
Project("{FAE04EC0-301F-11D3-BF4B-00C04F79EFBC}") = "Rendering", "Rendering\Rendering.csproj", "{D6E7D1CF-B9C7-4783-8AAF-9CA1527AC578}"
EndProject
Global
	GlobalSection(SolutionConfigurationPlatforms) = preSolution
		Debug|Any CPU = Debug|Any CPU
		Release|Any CPU = Release|Any CPU
	EndGlobalSection
	GlobalSection(ProjectConfigurationPlatforms) = postSolution
		{D6E7D1CF-B9C7-4783-8AAF-9CA1527AC578}.Debug|Any CPU.ActiveCfg = Debug|Any CPU
		{D6E7D1CF-B9C7-4783-8AAF-9CA1527AC578}.Debug|Any CPU.Build.0 = Debug|Any CPU
		{D6E7D1CF-B9C7-4783-8AAF-9CA1527AC578}.Release|Any CPU.ActiveCfg = Release|Any CPU
		{D6E7D1CF-B9C7-4783-8AAF-9CA1527AC578}.Release|Any CPU.Build.0 = Release|Any CPU
	EndGlobalSection
	GlobalSection(SolutionProperties) = preSolution
		HideSolutionNode = FALSE
	EndGlobalSection
	GlobalSection(ExtensibilityGlobals) = postSolution
		SolutionGuid = {9DBCBEFA-9211-4871-92B2-A8061ECE7C9E}
	EndGlobalSection
EndGlobal
