
Microsoft Visual Studio Solution File, Format Version 12.00
# Visual Studio 15
VisualStudioVersion = 15.0.27428.2043
MinimumVisualStudioVersion = 10.0.40219.1
Project("{FAE04EC0-301F-11D3-BF4B-00C04F79EFBC}") = "OpenCAD.UserInterface", "OpenCAD.UserInterface\OpenCAD.UserInterface.csproj", "{154A01A5-ACD3-4074-8FD2-EAC4FBAF7637}"
EndProject
Global
	GlobalSection(SolutionConfigurationPlatforms) = preSolution
		Debug|Any CPU = Debug|Any CPU
		Release|Any CPU = Release|Any CPU
	EndGlobalSection
	GlobalSection(ProjectConfigurationPlatforms) = postSolution
		{154A01A5-ACD3-4074-8FD2-EAC4FBAF7637}.Debug|Any CPU.ActiveCfg = Debug|Any CPU
		{154A01A5-ACD3-4074-8FD2-EAC4FBAF7637}.Debug|Any CPU.Build.0 = Debug|Any CPU
		{154A01A5-ACD3-4074-8FD2-EAC4FBAF7637}.Release|Any CPU.ActiveCfg = Release|Any CPU
		{154A01A5-ACD3-4074-8FD2-EAC4FBAF7637}.Release|Any CPU.Build.0 = Release|Any CPU
	EndGlobalSection
	GlobalSection(SolutionProperties) = preSolution
		HideSolutionNode = FALSE
	EndGlobalSection
	GlobalSection(ExtensibilityGlobals) = postSolution
		SolutionGuid = {94C05A84-7955-4269-9446-E4EEE0511FE2}
	EndGlobalSection
EndGlobal
